// !$*UTF8*$!
{
	archiveVersion = 1;
	classes = {
	};
	objectVersion = 77;
	objects = {

/* Begin PBXBuildFile section */
		B63A63842E20A1410032C498 /* PhosphorSwift in Frameworks */ = {isa = PBXBuildFile; productRef = B63A63832E20A1410032C498 /* PhosphorSwift */; };
/* End PBXBuildFile section */

/* Begin PBXContainerItemProxy section */
		B65885EC2E196B0700F19C4A /* PBXContainerItemProxy */ = {
			isa = PBXContainerItemProxy;
			containerPortal = B65885D52E196B0600F19C4A /* Project object */;
			proxyType = 1;
			remoteGlobalIDString = B65885DC2E196B0600F19C4A;
			remoteInfo = Flitro;
		};
		B65885F62E196B0700F19C4A /* PBXContainerItemProxy */ = {
			isa = PBXContainerItemProxy;
			containerPortal = B65885D52E196B0600F19C4A /* Project object */;
			proxyType = 1;
			remoteGlobalIDString = B65885DC2E196B0600F19C4A;
			remoteInfo = Flitro;
		};
/* End PBXContainerItemProxy section */

/* Begin PBXFileReference section */
		B65885DD2E196B0600F19C4A /* Flitro.app */ = {isa = PBXFileReference; explicitFileType = wrapper.application; includeInIndex = 0; path = Flitro.app; sourceTree = BUILT_PRODUCTS_DIR; };
		B65885EB2E196B0700F19C4A /* FlitroTests.xctest */ = {isa = PBXFileReference; explicitFileType = wrapper.cfbundle; includeInIndex = 0; path = FlitroTests.xctest; sourceTree = BUILT_PRODUCTS_DIR; };
		B65885F52E196B0700F19C4A /* FlitroUITests.xctest */ = {isa = PBXFileReference; explicitFileType = wrapper.cfbundle; includeInIndex = 0; path = FlitroUITests.xctest; sourceTree = BUILT_PRODUCTS_DIR; };
/* End PBXFileReference section */

/* Begin PBXFileSystemSynchronizedRootGroup section */
		B65885DF2E196B0600F19C4A /* Flitro */ = {
			isa = PBXFileSystemSynchronizedRootGroup;
			path = Flitro;
			sourceTree = "<group>";
		};
		B65885EE2E196B0700F19C4A /* FlitroTests */ = {
			isa = PBXFileSystemSynchronizedRootGroup;
			path = FlitroTests;
			sourceTree = "<group>";
		};
		B65885F82E196B0700F19C4A /* FlitroUITests */ = {
			isa = PBXFileSystemSynchronizedRootGroup;
			path = FlitroUITests;
			sourceTree = "<group>";
		};
/* End PBXFileSystemSynchronizedRootGroup section */

/* Begin PBXFrameworksBuildPhase section */
		B65885DA2E196B0600F19C4A /* Frameworks */ = {
			isa = PBXFrameworksBuildPhase;
			buildActionMask = 2147483647;
			files = (
				B63A63842E20A1410032C498 /* PhosphorSwift in Frameworks */,
			);
			runOnlyForDeploymentPostprocessing = 0;
		};
		B65885E82E196B0700F19C4A /* Frameworks */ = {
			isa = PBXFrameworksBuildPhase;
			buildActionMask = 2147483647;
			files = (
			);
			runOnlyForDeploymentPostprocessing = 0;
		};
		B65885F22E196B0700F19C4A /* Frameworks */ = {
			isa = PBXFrameworksBuildPhase;
			buildActionMask = 2147483647;
			files = (
			);
			runOnlyForDeploymentPostprocessing = 0;
		};
/* End PBXFrameworksBuildPhase section */

/* Begin PBXGroup section */
		B65885D42E196B0600F19C4A = {
			isa = PBXGroup;
			children = (
				B65885DF2E196B0600F19C4A /* Flitro */,
				B65885EE2E196B0700F19C4A /* FlitroTests */,
				B65885F82E196B0700F19C4A /* FlitroUITests */,
				B65885DE2E196B0600F19C4A /* Products */,
			);
			sourceTree = "<group>";
		};
		B65885DE2E196B0600F19C4A /* Products */ = {
			isa = PBXGroup;
			children = (
				B65885DD2E196B0600F19C4A /* Flitro.app */,
				B65885EB2E196B0700F19C4A /* FlitroTests.xctest */,
				B65885F52E196B0700F19C4A /* FlitroUITests.xctest */,
			);
			name = Products;
			sourceTree = "<group>";
		};
/* End PBXGroup section */

/* Begin PBXNativeTarget section */
		B65885DC2E196B0600F19C4A /* Flitro */ = {
			isa = PBXNativeTarget;
			buildConfigurationList = B65885FF2E196B0700F19C4A /* Build configuration list for PBXNativeTarget "Flitro" */;
			buildPhases = (
				B65885D92E196B0600F19C4A /* Sources */,
				B65885DA2E196B0600F19C4A /* Frameworks */,
				B65885DB2E196B0600F19C4A /* Resources */,
			);
			buildRules = (
			);
			dependencies = (
			);
			fileSystemSynchronizedGroups = (
				B65885DF2E196B0600F19C4A /* Flitro */,
			);
			name = Flitro;
			packageProductDependencies = (
				B63A63832E20A1410032C498 /* PhosphorSwift */,
			);
			productName = Flitro;
			productReference = B65885DD2E196B0600F19C4A /* Flitro.app */;
			productType = "com.apple.product-type.application";
		};
		B65885EA2E196B0700F19C4A /* FlitroTests */ = {
			isa = PBXNativeTarget;
			buildConfigurationList = B65886022E196B0700F19C4A /* Build configuration list for PBXNativeTarget "FlitroTests" */;
			buildPhases = (
				B65885E72E196B0700F19C4A /* Sources */,
				B65885E82E196B0700F19C4A /* Frameworks */,
				B65885E92E196B0700F19C4A /* Resources */,
			);
			buildRules = (
			);
			dependencies = (
				B65885ED2E196B0700F19C4A /* PBXTargetDependency */,
			);
			fileSystemSynchronizedGroups = (
				B65885EE2E196B0700F19C4A /* FlitroTests */,
			);
			name = FlitroTests;
			packageProductDependencies = (
			);
			productName = FlitroTests;
			productReference = B65885EB2E196B0700F19C4A /* FlitroTests.xctest */;
			productType = "com.apple.product-type.bundle.unit-test";
		};
		B65885F42E196B0700F19C4A /* FlitroUITests */ = {
			isa = PBXNativeTarget;
			buildConfigurationList = B65886052E196B0700F19C4A /* Build configuration list for PBXNativeTarget "FlitroUITests" */;
			buildPhases = (
				B65885F12E196B0700F19C4A /* Sources */,
				B65885F22E196B0700F19C4A /* Frameworks */,
				B65885F32E196B0700F19C4A /* Resources */,
			);
			buildRules = (
			);
			dependencies = (
				B65885F72E196B0700F19C4A /* PBXTargetDependency */,
			);
			fileSystemSynchronizedGroups = (
				B65885F82E196B0700F19C4A /* FlitroUITests */,
			);
			name = FlitroUITests;
			packageProductDependencies = (
			);
			productName = FlitroUITests;
			productReference = B65885F52E196B0700F19C4A /* FlitroUITests.xctest */;
			productType = "com.apple.product-type.bundle.ui-testing";
		};
/* End PBXNativeTarget section */

/* Begin PBXProject section */
		B65885D52E196B0600F19C4A /* Project object */ = {
			isa = PBXProject;
			attributes = {
				BuildIndependentTargetsInParallel = 1;
				LastSwiftUpdateCheck = 1640;
				LastUpgradeCheck = 1640;
				TargetAttributes = {
					B65885DC2E196B0600F19C4A = {
						CreatedOnToolsVersion = 16.4;
					};
					B65885EA2E196B0700F19C4A = {
						CreatedOnToolsVersion = 16.4;
						TestTargetID = B65885DC2E196B0600F19C4A;
					};
					B65885F42E196B0700F19C4A = {
						CreatedOnToolsVersion = 16.4;
						TestTargetID = B65885DC2E196B0600F19C4A;
					};
				};
			};
			buildConfigurationList = B65885D82E196B0600F19C4A /* Build configuration list for PBXProject "Flitro" */;
			developmentRegion = en;
			hasScannedForEncodings = 0;
			knownRegions = (
				en,
				Base,
			);
			mainGroup = B65885D42E196B0600F19C4A;
			minimizedProjectReferenceProxies = 1;
			packageReferences = (
				B63A63822E20A1410032C498 /* XCRemoteSwiftPackageReference "swift" */,
			);
			preferredProjectObjectVersion = 77;
			productRefGroup = B65885DE2E196B0600F19C4A /* Products */;
			projectDirPath = "";
			projectRoot = "";
			targets = (
				B65885DC2E196B0600F19C4A /* Flitro */,
				B65885EA2E196B0700F19C4A /* FlitroTests */,
				B65885F42E196B0700F19C4A /* FlitroUITests */,
			);
		};
/* End PBXProject section */

/* Begin PBXResourcesBuildPhase section */
		B65885DB2E196B0600F19C4A /* Resources */ = {
			isa = PBXResourcesBuildPhase;
			buildActionMask = 2147483647;
			files = (
			);
			runOnlyForDeploymentPostprocessing = 0;
		};
		B65885E92E196B0700F19C4A /* Resources */ = {
			isa = PBXResourcesBuildPhase;
			buildActionMask = 2147483647;
			files = (
			);
			runOnlyForDeploymentPostprocessing = 0;
		};
		B65885F32E196B0700F19C4A /* Resources */ = {
			isa = PBXResourcesBuildPhase;
			buildActionMask = 2147483647;
			files = (
			);
			runOnlyForDeploymentPostprocessing = 0;
		};
/* End PBXResourcesBuildPhase section */

/* Begin PBXSourcesBuildPhase section */
		B65885D92E196B0600F19C4A /* Sources */ = {
			isa = PBXSourcesBuildPhase;
			buildActionMask = 2147483647;
			files = (
			);
			runOnlyForDeploymentPostprocessing = 0;
		};
		B65885E72E196B0700F19C4A /* Sources */ = {
			isa = PBXSourcesBuildPhase;
			buildActionMask = 2147483647;
			files = (
			);
			runOnlyForDeploymentPostprocessing = 0;
		};
		B65885F12E196B0700F19C4A /* Sources */ = {
			isa = PBXSourcesBuildPhase;
			buildActionMask = 2147483647;
			files = (
			);
			runOnlyForDeploymentPostprocessing = 0;
		};
/* End PBXSourcesBuildPhase section */

/* Begin PBXTargetDependency section */
		B65885ED2E196B0700F19C4A /* PBXTargetDependency */ = {
			isa = PBXTargetDependency;
			target = B65885DC2E196B0600F19C4A /* Flitro */;
			targetProxy = B65885EC2E196B0700F19C4A /* PBXContainerItemProxy */;
		};
		B65885F72E196B0700F19C4A /* PBXTargetDependency */ = {
			isa = PBXTargetDependency;
			target = B65885DC2E196B0600F19C4A /* Flitro */;
			targetProxy = B65885F62E196B0700F19C4A /* PBXContainerItemProxy */;
		};
/* End PBXTargetDependency section */

/* Begin XCBuildConfiguration section */
		B65885FD2E196B0700F19C4A /* Debug */ = {
			isa = XCBuildConfiguration;
			buildSettings = {
				ALWAYS_SEARCH_USER_PATHS = NO;
				ASSETCATALOG_COMPILER_GENERATE_SWIFT_ASSET_SYMBOL_EXTENSIONS = YES;
				CLANG_ANALYZER_NONNULL = YES;
				CLANG_ANALYZER_NUMBER_OBJECT_CONVERSION = YES_AGGRESSIVE;
				CLANG_CXX_LANGUAGE_STANDARD = "gnu++20";
				CLANG_ENABLE_MODULES = YES;
				CLANG_ENABLE_OBJC_ARC = YES;
				CLANG_ENABLE_OBJC_WEAK = YES;
				CLANG_WARN_BLOCK_CAPTURE_AUTORELEASING = YES;
				CLANG_WARN_BOOL_CONVERSION = YES;
				CLANG_WARN_COMMA = YES;
				CLANG_WARN_CONSTANT_CONVERSION = YES;
				CLANG_WARN_DEPRECATED_OBJC_IMPLEMENTATIONS = YES;
				CLANG_WARN_DIRECT_OBJC_ISA_USAGE = YES_ERROR;
				CLANG_WARN_DOCUMENTATION_COMMENTS = YES;
				CLANG_WARN_EMPTY_BODY = YES;
				CLANG_WARN_ENUM_CONVERSION = YES;
				CLANG_WARN_INFINITE_RECURSION = YES;
				CLANG_WARN_INT_CONVERSION = YES;
				CLANG_WARN_NON_LITERAL_NULL_CONVERSION = YES;
				CLANG_WARN_OBJC_IMPLICIT_RETAIN_SELF = YES;
				CLANG_WARN_OBJC_LITERAL_CONVERSION = YES;
				CLANG_WARN_OBJC_ROOT_CLASS = YES_ERROR;
				CLANG_WARN_QUOTED_INCLUDE_IN_FRAMEWORK_HEADER = YES;
				CLANG_WARN_RANGE_LOOP_ANALYSIS = YES;
				CLANG_WARN_STRICT_PROTOTYPES = YES;
				CLANG_WARN_SUSPICIOUS_MOVE = YES;
				CLANG_WARN_UNGUARDED_AVAILABILITY = YES_AGGRESSIVE;
				CLANG_WARN_UNREACHABLE_CODE = YES;
				CLANG_WARN__DUPLICATE_METHOD_MATCH = YES;
				COPY_PHASE_STRIP = NO;
				DEBUG_INFORMATION_FORMAT = dwarf;
				ENABLE_APP_SANDBOX = NO;
				ENABLE_STRICT_OBJC_MSGSEND = YES;
				ENABLE_TESTABILITY = YES;
				ENABLE_USER_SCRIPT_SANDBOXING = YES;
				GCC_C_LANGUAGE_STANDARD = gnu17;
				GCC_DYNAMIC_NO_PIC = NO;
				GCC_NO_COMMON_BLOCKS = YES;
				GCC_OPTIMIZATION_LEVEL = 0;
				GCC_PREPROCESSOR_DEFINITIONS = (
					"DEBUG=1",
					"$(inherited)",
				);
				GCC_WARN_64_TO_32_BIT_CONVERSION = YES;
				GCC_WARN_ABOUT_RETURN_TYPE = YES_ERROR;
				GCC_WARN_UNDECLARED_SELECTOR = YES;
				GCC_WARN_UNINITIALIZED_AUTOS = YES_AGGRESSIVE;
				GCC_WARN_UNUSED_FUNCTION = YES;
				GCC_WARN_UNUSED_VARIABLE = YES;
				LOCALIZATION_PREFERS_STRING_CATALOGS = YES;
				MACOSX_DEPLOYMENT_TARGET = 15.5;
				MTL_ENABLE_DEBUG_INFO = INCLUDE_SOURCE;
				MTL_FAST_MATH = YES;
				ONLY_ACTIVE_ARCH = YES;
				SDKROOT = macosx;
				SWIFT_ACTIVE_COMPILATION_CONDITIONS = "DEBUG $(inherited)";
				SWIFT_OPTIMIZATION_LEVEL = "-Onone";
			};
			name = Debug;
		};
		B65885FE2E196B0700F19C4A /* Release */ = {
			isa = XCBuildConfiguration;
			buildSettings = {
				ALWAYS_SEARCH_USER_PATHS = NO;
				ASSETCATALOG_COMPILER_GENERATE_SWIFT_ASSET_SYMBOL_EXTENSIONS = YES;
				CLANG_ANALYZER_NONNULL = YES;
				CLANG_ANALYZER_NUMBER_OBJECT_CONVERSION = YES_AGGRESSIVE;
				CLANG_CXX_LANGUAGE_STANDARD = "gnu++20";
				CLANG_ENABLE_MODULES = YES;
				CLANG_ENABLE_OBJC_ARC = YES;
				CLANG_ENABLE_OBJC_WEAK = YES;
				CLANG_WARN_BLOCK_CAPTURE_AUTORELEASING = YES;
				CLANG_WARN_BOOL_CONVERSION = YES;
				CLANG_WARN_COMMA = YES;
				CLANG_WARN_CONSTANT_CONVERSION = YES;
				CLANG_WARN_DEPRECATED_OBJC_IMPLEMENTATIONS = YES;
				CLANG_WARN_DIRECT_OBJC_ISA_USAGE = YES_ERROR;
				CLANG_WARN_DOCUMENTATION_COMMENTS = YES;
				CLANG_WARN_EMPTY_BODY = YES;
				CLANG_WARN_ENUM_CONVERSION = YES;
				CLANG_WARN_INFINITE_RECURSION = YES;
				CLANG_WARN_INT_CONVERSION = YES;
				CLANG_WARN_NON_LITERAL_NULL_CONVERSION = YES;
				CLANG_WARN_OBJC_IMPLICIT_RETAIN_SELF = YES;
				CLANG_WARN_OBJC_LITERAL_CONVERSION = YES;
				CLANG_WARN_OBJC_ROOT_CLASS = YES_ERROR;
				CLANG_WARN_QUOTED_INCLUDE_IN_FRAMEWORK_HEADER = YES;
				CLANG_WARN_RANGE_LOOP_ANALYSIS = YES;
				CLANG_WARN_STRICT_PROTOTYPES = YES;
				CLANG_WARN_SUSPICIOUS_MOVE = YES;
				CLANG_WARN_UNGUARDED_AVAILABILITY = YES_AGGRESSIVE;
				CLANG_WARN_UNREACHABLE_CODE = YES;
				CLANG_WARN__DUPLICATE_METHOD_MATCH = YES;
				COPY_PHASE_STRIP = NO;
				DEBUG_INFORMATION_FORMAT = "dwarf-with-dsym";
				ENABLE_APP_SANDBOX = NO;
				ENABLE_NS_ASSERTIONS = NO;
				ENABLE_STRICT_OBJC_MSGSEND = YES;
				ENABLE_USER_SCRIPT_SANDBOXING = YES;
				GCC_C_LANGUAGE_STANDARD = gnu17;
				GCC_NO_COMMON_BLOCKS = YES;
				GCC_WARN_64_TO_32_BIT_CONVERSION = YES;
				GCC_WARN_ABOUT_RETURN_TYPE = YES_ERROR;
				GCC_WARN_UNDECLARED_SELECTOR = YES;
				GCC_WARN_UNINITIALIZED_AUTOS = YES_AGGRESSIVE;
				GCC_WARN_UNUSED_FUNCTION = YES;
				GCC_WARN_UNUSED_VARIABLE = YES;
				LOCALIZATION_PREFERS_STRING_CATALOGS = YES;
				MACOSX_DEPLOYMENT_TARGET = 15.5;
				MTL_ENABLE_DEBUG_INFO = NO;
				MTL_FAST_MATH = YES;
				SDKROOT = macosx;
				SWIFT_COMPILATION_MODE = wholemodule;
			};
			name = Release;
		};
		B65886002E196B0700F19C4A /* Debug */ = {
			isa = XCBuildConfiguration;
			buildSettings = {
				ASSETCATALOG_COMPILER_APPICON_NAME = AppIcon;
				ASSETCATALOG_COMPILER_GLOBAL_ACCENT_COLOR_NAME = AccentColor;
				CODE_SIGN_ENTITLEMENTS = Flitro/Flitro.entitlements;
				CODE_SIGN_IDENTITY = "Apple Development";
				"CODE_SIGN_IDENTITY[sdk=macosx*]" = "-";
				CODE_SIGN_STYLE = Automatic;
				COMBINE_HIDPI_IMAGES = YES;
				CURRENT_PROJECT_VERSION = 1;
				DEVELOPMENT_TEAM = 9KQD3963LQ;
				ENABLE_HARDENED_RUNTIME = YES;
				ENABLE_PREVIEWS = YES;
				GENERATE_INFOPLIST_FILE = YES;
				INFOPLIST_KEY_NSAppleEventsUsageDescription = "Flitro needs to control external applications to run automation in your contexts.";
				INFOPLIST_KEY_NSHumanReadableCopyright = "";
				LD_RUNPATH_SEARCH_PATHS = (
					"$(inherited)",
					"@executable_path/../Frameworks",
				);
				MARKETING_VERSION = 1.0;
				PRODUCT_BUNDLE_IDENTIFIER = com.l2fprod.Flitro;
				PRODUCT_NAME = "$(TARGET_NAME)";
				PROVISIONING_PROFILE_SPECIFIER = "";
				REGISTER_APP_GROUPS = YES;
				SWIFT_EMIT_LOC_STRINGS = YES;
				SWIFT_VERSION = 5.0;
			};
			name = Debug;
		};
		B65886012E196B0700F19C4A /* Release */ = {
			isa = XCBuildConfiguration;
			buildSettings = {
				ASSETCATALOG_COMPILER_APPICON_NAME = AppIcon;
				ASSETCATALOG_COMPILER_GLOBAL_ACCENT_COLOR_NAME = AccentColor;
				CODE_SIGN_ENTITLEMENTS = Flitro/Flitro.entitlements;
				CODE_SIGN_IDENTITY = "Apple Development";
				"CODE_SIGN_IDENTITY[sdk=macosx*]" = "-";
				CODE_SIGN_STYLE = Automatic;
				COMBINE_HIDPI_IMAGES = YES;
				CURRENT_PROJECT_VERSION = 1;
				DEVELOPMENT_TEAM = 9KQD3963LQ;
				ENABLE_HARDENED_RUNTIME = YES;
				ENABLE_PREVIEWS = YES;
				GENERATE_INFOPLIST_FILE = YES;
				INFOPLIST_FILE = Flitro/Info.plist;
				INFOPLIST_KEY_NSAppleEventsUsageDescription = "Flitro needs to control external applications to run automation in your contexts.";
				INFOPLIST_KEY_NSHumanReadableCopyright = "";
				LD_RUNPATH_SEARCH_PATHS = (
					"$(inherited)",
					"@executable_path/../Frameworks",
				);
				MARKETING_VERSION = 1.0;
				PRODUCT_BUNDLE_IDENTIFIER = com.l2fprod.Flitro;
				PRODUCT_NAME = "$(TARGET_NAME)";
				PROVISIONING_PROFILE_SPECIFIER = "";
				REGISTER_APP_GROUPS = YES;
				SWIFT_EMIT_LOC_STRINGS = YES;
				SWIFT_VERSION = 5.0;
			};
			name = Release;
		};
		B65886032E196B0700F19C4A /* Debug */ = {
			isa = XCBuildConfiguration;
			buildSettings = {
				BUNDLE_LOADER = "$(TEST_HOST)";
				CODE_SIGN_STYLE = Automatic;
				CURRENT_PROJECT_VERSION = 1;
				GENERATE_INFOPLIST_FILE = YES;
				MACOSX_DEPLOYMENT_TARGET = 15.5;
				MARKETING_VERSION = 1.0;
				PRODUCT_BUNDLE_IDENTIFIER = com.l2fprod.FlitroTests;
				PRODUCT_NAME = "$(TARGET_NAME)";
				SWIFT_EMIT_LOC_STRINGS = NO;
				SWIFT_VERSION = 5.0;
				TEST_HOST = "$(BUILT_PRODUCTS_DIR)/Flitro.app/$(BUNDLE_EXECUTABLE_FOLDER_PATH)/Flitro";
			};
			name = Debug;
		};
		B65886042E196B0700F19C4A /* Release */ = {
			isa = XCBuildConfiguration;
			buildSettings = {
				BUNDLE_LOADER = "$(TEST_HOST)";
				CODE_SIGN_STYLE = Automatic;
				CURRENT_PROJECT_VERSION = 1;
				GENERATE_INFOPLIST_FILE = YES;
				MACOSX_DEPLOYMENT_TARGET = 15.5;
				MARKETING_VERSION = 1.0;
				PRODUCT_BUNDLE_IDENTIFIER = com.l2fprod.FlitroTests;
				PRODUCT_NAME = "$(TARGET_NAME)";
				SWIFT_EMIT_LOC_STRINGS = NO;
				SWIFT_VERSION = 5.0;
				TEST_HOST = "$(BUILT_PRODUCTS_DIR)/Flitro.app/$(BUNDLE_EXECUTABLE_FOLDER_PATH)/Flitro";
			};
			name = Release;
		};
		B65886062E196B0700F19C4A /* Debug */ = {
			isa = XCBuildConfiguration;
			buildSettings = {
				CODE_SIGN_STYLE = Automatic;
				CURRENT_PROJECT_VERSION = 1;
				GENERATE_INFOPLIST_FILE = YES;
				MARKETING_VERSION = 1.0;
				PRODUCT_BUNDLE_IDENTIFIER = com.l2fprod.FlitroUITests;
				PRODUCT_NAME = "$(TARGET_NAME)";
				SWIFT_EMIT_LOC_STRINGS = NO;
				SWIFT_VERSION = 5.0;
				TEST_TARGET_NAME = Flitro;
			};
			name = Debug;
		};
		B65886072E196B0700F19C4A /* Release */ = {
			isa = XCBuildConfiguration;
			buildSettings = {
				CODE_SIGN_STYLE = Automatic;
				CURRENT_PROJECT_VERSION = 1;
				GENERATE_INFOPLIST_FILE = YES;
				MARKETING_VERSION = 1.0;
				PRODUCT_BUNDLE_IDENTIFIER = com.l2fprod.FlitroUITests;
				PRODUCT_NAME = "$(TARGET_NAME)";
				SWIFT_EMIT_LOC_STRINGS = NO;
				SWIFT_VERSION = 5.0;
				TEST_TARGET_NAME = Flitro;
			};
			name = Release;
		};
/* End XCBuildConfiguration section */

/* Begin XCConfigurationList section */
		B65885D82E196B0600F19C4A /* Build configuration list for PBXProject "Flitro" */ = {
			isa = XCConfigurationList;
			buildConfigurations = (
				B65885FD2E196B0700F19C4A /* Debug */,
				B65885FE2E196B0700F19C4A /* Release */,
			);
			defaultConfigurationIsVisible = 0;
			defaultConfigurationName = Release;
		};
		B65885FF2E196B0700F19C4A /* Build configuration list for PBXNativeTarget "Flitro" */ = {
			isa = XCConfigurationList;
			buildConfigurations = (
				B65886002E196B0700F19C4A /* Debug */,
				B65886012E196B0700F19C4A /* Release */,
			);
			defaultConfigurationIsVisible = 0;
			defaultConfigurationName = Release;
		};
		B65886022E196B0700F19C4A /* Build configuration list for PBXNativeTarget "FlitroTests" */ = {
			isa = XCConfigurationList;
			buildConfigurations = (
				B65886032E196B0700F19C4A /* Debug */,
				B65886042E196B0700F19C4A /* Release */,
			);
			defaultConfigurationIsVisible = 0;
			defaultConfigurationName = Release;
		};
		B65886052E196B0700F19C4A /* Build configuration list for PBXNativeTarget "FlitroUITests" */ = {
			isa = XCConfigurationList;
			buildConfigurations = (
				B65886062E196B0700F19C4A /* Debug */,
				B65886072E196B0700F19C4A /* Release */,
			);
			defaultConfigurationIsVisible = 0;
			defaultConfigurationName = Release;
		};
/* End XCConfigurationList section */

/* Begin XCRemoteSwiftPackageReference section */
		B63A63822E20A1410032C498 /* XCRemoteSwiftPackageReference "swift" */ = {
			isa = XCRemoteSwiftPackageReference;
			repositoryURL = "https://github.com/phosphor-icons/swift";
			requirement = {
				kind = exactVersion;
				version = 2.1.0;
			};
		};
/* End XCRemoteSwiftPackageReference section */

/* Begin XCSwiftPackageProductDependency section */
		B63A63832E20A1410032C498 /* PhosphorSwift */ = {
			isa = XCSwiftPackageProductDependency;
			package = B63A63822E20A1410032C498 /* XCRemoteSwiftPackageReference "swift" */;
			productName = PhosphorSwift;
		};
/* End XCSwiftPackageProductDependency section */
	};
	rootObject = B65885D52E196B0600F19C4A /* Project object */;
}
